
Microsoft Visual Studio Solution File, Format Version 11.00
# Visual Studio 2010
Project("{FAE04EC0-301F-11D3-BF4B-00C04F79EFBC}") = "HadoukInput.Windows", "HadoukInput.Windows.csproj", "{85D723F7-83EF-4C75-82BA-9385D0AC8448}"
EndProject
Project("{FAE04EC0-301F-11D3-BF4B-00C04F79EFBC}") = "MonoGame.Framework.WindowsGL", "..\externals\MonoGame\MonoGame.Framework\MonoGame.Framework.WindowsGL.csproj", "{7DE47032-A904-4C29-BD22-2D235E8D91BA}"
EndProject
Project("{FAE04EC0-301F-11D3-BF4B-00C04F79EFBC}") = "Lidgren.Network.Windows", "..\externals\MonoGame\ThirdParty\Lidgren.Network\Lidgren.Network.Windows.csproj", "{AE483C29-042E-4226-BA52-D247CE7676DA}"
EndProject
Global
	GlobalSection(SolutionConfigurationPlatforms) = preSolution
		Debug|x86 = Debug|x86
		Release|x86 = Release|x86
	EndGlobalSection
	GlobalSection(ProjectConfigurationPlatforms) = postSolution
		{7DE47032-A904-4C29-BD22-2D235E8D91BA}.Debug|x86.ActiveCfg = Debug|x86
		{7DE47032-A904-4C29-BD22-2D235E8D91BA}.Debug|x86.Build.0 = Debug|x86
		{7DE47032-A904-4C29-BD22-2D235E8D91BA}.Release|x86.ActiveCfg = Release|x86
		{7DE47032-A904-4C29-BD22-2D235E8D91BA}.Release|x86.Build.0 = Release|x86
		{85D723F7-83EF-4C75-82BA-9385D0AC8448}.Debug|x86.ActiveCfg = Debug|x86
		{85D723F7-83EF-4C75-82BA-9385D0AC8448}.Debug|x86.Build.0 = Debug|x86
		{85D723F7-83EF-4C75-82BA-9385D0AC8448}.Release|x86.ActiveCfg = Release|x86
		{85D723F7-83EF-4C75-82BA-9385D0AC8448}.Release|x86.Build.0 = Release|x86
		{AE483C29-042E-4226-BA52-D247CE7676DA}.Debug|x86.ActiveCfg = Debug|Any CPU
		{AE483C29-042E-4226-BA52-D247CE7676DA}.Debug|x86.Build.0 = Debug|Any CPU
		{AE483C29-042E-4226-BA52-D247CE7676DA}.Release|x86.ActiveCfg = Release|Any CPU
		{AE483C29-042E-4226-BA52-D247CE7676DA}.Release|x86.Build.0 = Release|Any CPU
		{44C9BE36-4EA1-422E-9488-345C78743D59}.Debug|x86.ActiveCfg = Debug|x86
		{44C9BE36-4EA1-422E-9488-345C78743D59}.Debug|x86.Build.0 = Debug|x86
		{44C9BE36-4EA1-422E-9488-345C78743D59}.Release|x86.ActiveCfg = Release|x86
		{44C9BE36-4EA1-422E-9488-345C78743D59}.Release|x86.Build.0 = Release|x86
	EndGlobalSection
	GlobalSection(MonoDevelopProperties) = preSolution
		StartupItem = HadoukInput.Windows.csproj
	EndGlobalSection
EndGlobal
