
Microsoft Visual Studio Solution File, Format Version 11.00
# Visual Studio 2010
Project("{FAE04EC0-301F-11D3-BF4B-00C04F79EFBC}") = "HadoukInput.Linux", "HadoukInput.Linux.csproj", "{65AD3F27-7ECE-4BE0-AC5E-ED63AA7D09EE}"
EndProject
Global
	GlobalSection(SolutionConfigurationPlatforms) = preSolution
		Debug|x86 = Debug|x86
		Release|x86 = Release|x86
	EndGlobalSection
	GlobalSection(ProjectConfigurationPlatforms) = postSolution
		{65AD3F27-7ECE-4BE0-AC5E-ED63AA7D09EE}.Debug|x86.ActiveCfg = Debug|x86
		{65AD3F27-7ECE-4BE0-AC5E-ED63AA7D09EE}.Debug|x86.Build.0 = Debug|x86
		{65AD3F27-7ECE-4BE0-AC5E-ED63AA7D09EE}.Release|x86.ActiveCfg = Release|x86
		{65AD3F27-7ECE-4BE0-AC5E-ED63AA7D09EE}.Release|x86.Build.0 = Release|x86
	EndGlobalSection
	GlobalSection(MonoDevelopProperties) = preSolution
		StartupItem = HadoukInput.Linux.csproj
	EndGlobalSection
EndGlobal
