
Microsoft Visual Studio Solution File, Format Version 12.00
# Visual Studio 14
VisualStudioVersion = 14.0.25420.1
MinimumVisualStudioVersion = 10.0.40219.1
Project("{FAE04EC0-301F-11D3-BF4B-00C04F79EFBC}") = "HadoukInput.DesktopGL", "HadoukInput.DesktopGL\HadoukInput.DesktopGL.csproj", "{688D97C3-2345-4E7C-B074-88CF2645DB62}"
EndProject
Project("{FAE04EC0-301F-11D3-BF4B-00C04F79EFBC}") = "HadoukInput.Android", "HadoukInput.Android\HadoukInput.Android.csproj", "{544F38C0-F0BE-4936-B79D-16506F41DE8E}"
EndProject
Project("{FAE04EC0-301F-11D3-BF4B-00C04F79EFBC}") = "HadoukInput.iOS", "HadoukInput.iOS\HadoukInput.iOS.csproj", "{C7539CD3-4B5C-4C65-AB21-B75B73B65B71}"
EndProject
Project("{FAE04EC0-301F-11D3-BF4B-00C04F79EFBC}") = "HadoukInput.WindowsUniversal", "HadoukInput.WindowsUniversal\HadoukInput.WindowsUniversal.csproj", "{D77C2424-9736-47F0-9469-2F38CF5E8DEF}"
EndProject
Project("{2150E333-8FDC-42A3-9474-1A3956D46DE8}") = "Solution Items", "Solution Items", "{7C844C0F-90F4-43E4-89A6-270BBC7161CD}"
	ProjectSection(SolutionItems) = preProject
		buildNugetPackages.ps1 = buildNugetPackages.ps1
		HadoukInput.nuspec = HadoukInput.nuspec
	EndProjectSection
EndProject
Project("{D954291E-2A0B-460D-934E-DC6B0785DB48}") = "HadoukInput.SharedProject", "HadoukInput.SharedProject\HadoukInput.SharedProject.shproj", "{71A30BBC-91F3-43A9-BE36-BDA5AE30772C}"
EndProject
Global
	GlobalSection(SharedMSBuildProjectFiles) = preSolution
		HadoukInput.SharedProject\HadoukInput.SharedProject.projitems*{544f38c0-f0be-4936-b79d-16506f41de8e}*SharedItemsImports = 4
		HadoukInput.SharedProject\HadoukInput.SharedProject.projitems*{688d97c3-2345-4e7c-b074-88cf2645db62}*SharedItemsImports = 4
		HadoukInput.SharedProject\HadoukInput.SharedProject.projitems*{71a30bbc-91f3-43a9-be36-bda5ae30772c}*SharedItemsImports = 13
		HadoukInput.SharedProject\HadoukInput.SharedProject.projitems*{c7539cd3-4b5c-4c65-ab21-b75b73b65b71}*SharedItemsImports = 4
		HadoukInput.SharedProject\HadoukInput.SharedProject.projitems*{d77c2424-9736-47f0-9469-2f38cf5e8def}*SharedItemsImports = 4
	EndGlobalSection
	GlobalSection(SolutionConfigurationPlatforms) = preSolution
		AppStore|Any CPU = AppStore|Any CPU
		AppStore|ARM = AppStore|ARM
		AppStore|x64 = AppStore|x64
		AppStore|x86 = AppStore|x86
		Debug|Any CPU = Debug|Any CPU
		Debug|ARM = Debug|ARM
		Debug|x64 = Debug|x64
		Debug|x86 = Debug|x86
		Release|Any CPU = Release|Any CPU
		Release|ARM = Release|ARM
		Release|x64 = Release|x64
		Release|x86 = Release|x86
	EndGlobalSection
	GlobalSection(ProjectConfigurationPlatforms) = postSolution
		{688D97C3-2345-4E7C-B074-88CF2645DB62}.AppStore|Any CPU.ActiveCfg = Release|Any CPU
		{688D97C3-2345-4E7C-B074-88CF2645DB62}.AppStore|Any CPU.Build.0 = Release|Any CPU
		{688D97C3-2345-4E7C-B074-88CF2645DB62}.AppStore|ARM.ActiveCfg = Debug|Any CPU
		{688D97C3-2345-4E7C-B074-88CF2645DB62}.AppStore|ARM.Build.0 = Debug|Any CPU
		{688D97C3-2345-4E7C-B074-88CF2645DB62}.AppStore|x64.ActiveCfg = Debug|Any CPU
		{688D97C3-2345-4E7C-B074-88CF2645DB62}.AppStore|x64.Build.0 = Debug|Any CPU
		{688D97C3-2345-4E7C-B074-88CF2645DB62}.AppStore|x86.ActiveCfg = Debug|Any CPU
		{688D97C3-2345-4E7C-B074-88CF2645DB62}.AppStore|x86.Build.0 = Debug|Any CPU
		{688D97C3-2345-4E7C-B074-88CF2645DB62}.Debug|Any CPU.ActiveCfg = Debug|Any CPU
		{688D97C3-2345-4E7C-B074-88CF2645DB62}.Debug|Any CPU.Build.0 = Debug|Any CPU
		{688D97C3-2345-4E7C-B074-88CF2645DB62}.Debug|ARM.ActiveCfg = Debug|Any CPU
		{688D97C3-2345-4E7C-B074-88CF2645DB62}.Debug|ARM.Build.0 = Debug|Any CPU
		{688D97C3-2345-4E7C-B074-88CF2645DB62}.Debug|x64.ActiveCfg = Debug|Any CPU
		{688D97C3-2345-4E7C-B074-88CF2645DB62}.Debug|x64.Build.0 = Debug|Any CPU
		{688D97C3-2345-4E7C-B074-88CF2645DB62}.Debug|x86.ActiveCfg = Debug|Any CPU
		{688D97C3-2345-4E7C-B074-88CF2645DB62}.Debug|x86.Build.0 = Debug|Any CPU
		{688D97C3-2345-4E7C-B074-88CF2645DB62}.Release|Any CPU.ActiveCfg = Release|Any CPU
		{688D97C3-2345-4E7C-B074-88CF2645DB62}.Release|Any CPU.Build.0 = Release|Any CPU
		{688D97C3-2345-4E7C-B074-88CF2645DB62}.Release|ARM.ActiveCfg = Release|Any CPU
		{688D97C3-2345-4E7C-B074-88CF2645DB62}.Release|ARM.Build.0 = Release|Any CPU
		{688D97C3-2345-4E7C-B074-88CF2645DB62}.Release|x64.ActiveCfg = Release|Any CPU
		{688D97C3-2345-4E7C-B074-88CF2645DB62}.Release|x64.Build.0 = Release|Any CPU
		{688D97C3-2345-4E7C-B074-88CF2645DB62}.Release|x86.ActiveCfg = Release|Any CPU
		{688D97C3-2345-4E7C-B074-88CF2645DB62}.Release|x86.Build.0 = Release|Any CPU
		{544F38C0-F0BE-4936-B79D-16506F41DE8E}.AppStore|Any CPU.ActiveCfg = Release|Any CPU
		{544F38C0-F0BE-4936-B79D-16506F41DE8E}.AppStore|Any CPU.Build.0 = Release|Any CPU
		{544F38C0-F0BE-4936-B79D-16506F41DE8E}.AppStore|ARM.ActiveCfg = Debug|Any CPU
		{544F38C0-F0BE-4936-B79D-16506F41DE8E}.AppStore|ARM.Build.0 = Debug|Any CPU
		{544F38C0-F0BE-4936-B79D-16506F41DE8E}.AppStore|x64.ActiveCfg = Debug|Any CPU
		{544F38C0-F0BE-4936-B79D-16506F41DE8E}.AppStore|x64.Build.0 = Debug|Any CPU
		{544F38C0-F0BE-4936-B79D-16506F41DE8E}.AppStore|x86.ActiveCfg = Debug|Any CPU
		{544F38C0-F0BE-4936-B79D-16506F41DE8E}.AppStore|x86.Build.0 = Debug|Any CPU
		{544F38C0-F0BE-4936-B79D-16506F41DE8E}.Debug|Any CPU.ActiveCfg = Debug|Any CPU
		{544F38C0-F0BE-4936-B79D-16506F41DE8E}.Debug|Any CPU.Build.0 = Debug|Any CPU
		{544F38C0-F0BE-4936-B79D-16506F41DE8E}.Debug|ARM.ActiveCfg = Debug|Any CPU
		{544F38C0-F0BE-4936-B79D-16506F41DE8E}.Debug|ARM.Build.0 = Debug|Any CPU
		{544F38C0-F0BE-4936-B79D-16506F41DE8E}.Debug|x64.ActiveCfg = Debug|Any CPU
		{544F38C0-F0BE-4936-B79D-16506F41DE8E}.Debug|x64.Build.0 = Debug|Any CPU
		{544F38C0-F0BE-4936-B79D-16506F41DE8E}.Debug|x86.ActiveCfg = Debug|Any CPU
		{544F38C0-F0BE-4936-B79D-16506F41DE8E}.Debug|x86.Build.0 = Debug|Any CPU
		{544F38C0-F0BE-4936-B79D-16506F41DE8E}.Release|Any CPU.ActiveCfg = Release|Any CPU
		{544F38C0-F0BE-4936-B79D-16506F41DE8E}.Release|Any CPU.Build.0 = Release|Any CPU
		{544F38C0-F0BE-4936-B79D-16506F41DE8E}.Release|ARM.ActiveCfg = Release|Any CPU
		{544F38C0-F0BE-4936-B79D-16506F41DE8E}.Release|ARM.Build.0 = Release|Any CPU
		{544F38C0-F0BE-4936-B79D-16506F41DE8E}.Release|x64.ActiveCfg = Release|Any CPU
		{544F38C0-F0BE-4936-B79D-16506F41DE8E}.Release|x64.Build.0 = Release|Any CPU
		{544F38C0-F0BE-4936-B79D-16506F41DE8E}.Release|x86.ActiveCfg = Release|Any CPU
		{544F38C0-F0BE-4936-B79D-16506F41DE8E}.Release|x86.Build.0 = Release|Any CPU
		{C7539CD3-4B5C-4C65-AB21-B75B73B65B71}.AppStore|Any CPU.ActiveCfg = Release|Any CPU
		{C7539CD3-4B5C-4C65-AB21-B75B73B65B71}.AppStore|Any CPU.Build.0 = Release|Any CPU
		{C7539CD3-4B5C-4C65-AB21-B75B73B65B71}.AppStore|ARM.ActiveCfg = Release|Any CPU
		{C7539CD3-4B5C-4C65-AB21-B75B73B65B71}.AppStore|ARM.Build.0 = Release|Any CPU
		{C7539CD3-4B5C-4C65-AB21-B75B73B65B71}.AppStore|x64.ActiveCfg = Release|Any CPU
		{C7539CD3-4B5C-4C65-AB21-B75B73B65B71}.AppStore|x64.Build.0 = Release|Any CPU
		{C7539CD3-4B5C-4C65-AB21-B75B73B65B71}.AppStore|x86.ActiveCfg = Release|Any CPU
		{C7539CD3-4B5C-4C65-AB21-B75B73B65B71}.AppStore|x86.Build.0 = Release|Any CPU
		{C7539CD3-4B5C-4C65-AB21-B75B73B65B71}.Debug|Any CPU.ActiveCfg = Debug|Any CPU
		{C7539CD3-4B5C-4C65-AB21-B75B73B65B71}.Debug|Any CPU.Build.0 = Debug|Any CPU
		{C7539CD3-4B5C-4C65-AB21-B75B73B65B71}.Debug|ARM.ActiveCfg = Debug|Any CPU
		{C7539CD3-4B5C-4C65-AB21-B75B73B65B71}.Debug|ARM.Build.0 = Debug|Any CPU
		{C7539CD3-4B5C-4C65-AB21-B75B73B65B71}.Debug|x64.ActiveCfg = Debug|Any CPU
		{C7539CD3-4B5C-4C65-AB21-B75B73B65B71}.Debug|x64.Build.0 = Debug|Any CPU
		{C7539CD3-4B5C-4C65-AB21-B75B73B65B71}.Debug|x86.ActiveCfg = Debug|Any CPU
		{C7539CD3-4B5C-4C65-AB21-B75B73B65B71}.Debug|x86.Build.0 = Debug|Any CPU
		{C7539CD3-4B5C-4C65-AB21-B75B73B65B71}.Release|Any CPU.ActiveCfg = Release|Any CPU
		{C7539CD3-4B5C-4C65-AB21-B75B73B65B71}.Release|Any CPU.Build.0 = Release|Any CPU
		{C7539CD3-4B5C-4C65-AB21-B75B73B65B71}.Release|ARM.ActiveCfg = Release|Any CPU
		{C7539CD3-4B5C-4C65-AB21-B75B73B65B71}.Release|ARM.Build.0 = Release|Any CPU
		{C7539CD3-4B5C-4C65-AB21-B75B73B65B71}.Release|x64.ActiveCfg = Release|Any CPU
		{C7539CD3-4B5C-4C65-AB21-B75B73B65B71}.Release|x64.Build.0 = Release|Any CPU
		{C7539CD3-4B5C-4C65-AB21-B75B73B65B71}.Release|x86.ActiveCfg = Release|Any CPU
		{C7539CD3-4B5C-4C65-AB21-B75B73B65B71}.Release|x86.Build.0 = Release|Any CPU
		{D77C2424-9736-47F0-9469-2F38CF5E8DEF}.AppStore|Any CPU.ActiveCfg = Release|Any CPU
		{D77C2424-9736-47F0-9469-2F38CF5E8DEF}.AppStore|Any CPU.Build.0 = Release|Any CPU
		{D77C2424-9736-47F0-9469-2F38CF5E8DEF}.AppStore|ARM.ActiveCfg = Release|ARM
		{D77C2424-9736-47F0-9469-2F38CF5E8DEF}.AppStore|ARM.Build.0 = Release|ARM
		{D77C2424-9736-47F0-9469-2F38CF5E8DEF}.AppStore|x64.ActiveCfg = Release|x64
		{D77C2424-9736-47F0-9469-2F38CF5E8DEF}.AppStore|x64.Build.0 = Release|x64
		{D77C2424-9736-47F0-9469-2F38CF5E8DEF}.AppStore|x86.ActiveCfg = Release|x86
		{D77C2424-9736-47F0-9469-2F38CF5E8DEF}.AppStore|x86.Build.0 = Release|x86
		{D77C2424-9736-47F0-9469-2F38CF5E8DEF}.Debug|Any CPU.ActiveCfg = Debug|Any CPU
		{D77C2424-9736-47F0-9469-2F38CF5E8DEF}.Debug|Any CPU.Build.0 = Debug|Any CPU
		{D77C2424-9736-47F0-9469-2F38CF5E8DEF}.Debug|ARM.ActiveCfg = Debug|ARM
		{D77C2424-9736-47F0-9469-2F38CF5E8DEF}.Debug|ARM.Build.0 = Debug|ARM
		{D77C2424-9736-47F0-9469-2F38CF5E8DEF}.Debug|x64.ActiveCfg = Debug|x64
		{D77C2424-9736-47F0-9469-2F38CF5E8DEF}.Debug|x64.Build.0 = Debug|x64
		{D77C2424-9736-47F0-9469-2F38CF5E8DEF}.Debug|x86.ActiveCfg = Debug|x86
		{D77C2424-9736-47F0-9469-2F38CF5E8DEF}.Debug|x86.Build.0 = Debug|x86
		{D77C2424-9736-47F0-9469-2F38CF5E8DEF}.Release|Any CPU.ActiveCfg = Release|Any CPU
		{D77C2424-9736-47F0-9469-2F38CF5E8DEF}.Release|Any CPU.Build.0 = Release|Any CPU
		{D77C2424-9736-47F0-9469-2F38CF5E8DEF}.Release|ARM.ActiveCfg = Release|ARM
		{D77C2424-9736-47F0-9469-2F38CF5E8DEF}.Release|ARM.Build.0 = Release|ARM
		{D77C2424-9736-47F0-9469-2F38CF5E8DEF}.Release|x64.ActiveCfg = Release|x64
		{D77C2424-9736-47F0-9469-2F38CF5E8DEF}.Release|x64.Build.0 = Release|x64
		{D77C2424-9736-47F0-9469-2F38CF5E8DEF}.Release|x86.ActiveCfg = Release|x86
		{D77C2424-9736-47F0-9469-2F38CF5E8DEF}.Release|x86.Build.0 = Release|x86
	EndGlobalSection
	GlobalSection(SolutionProperties) = preSolution
		HideSolutionNode = FALSE
	EndGlobalSection
EndGlobal
